
Microsoft Visual Studio Solution File, Format Version 12.00
# Visual Studio Version 16
VisualStudioVersion = 16.0.29215.179
MinimumVisualStudioVersion = 10.0.40219.1
Project("{FAE04EC0-301F-11D3-BF4B-00C04F79EFBC}") = "BuildTree", "BuildTree.csproj", "{325C3DFF-A7F4-4B30-BB08-46FAD2005908}"
EndProject
Global
	GlobalSection(SolutionConfigurationPlatforms) = preSolution
		Debug|Any CPU = Debug|Any CPU
		Release|Any CPU = Release|Any CPU
	EndGlobalSection
	GlobalSection(ProjectConfigurationPlatforms) = postSolution
		{325C3DFF-A7F4-4B30-BB08-46FAD2005908}.Debug|Any CPU.ActiveCfg = Debug|Any CPU
		{325C3DFF-A7F4-4B30-BB08-46FAD2005908}.Debug|Any CPU.Build.0 = Debug|Any CPU
		{325C3DFF-A7F4-4B30-BB08-46FAD2005908}.Release|Any CPU.ActiveCfg = Release|Any CPU
		{325C3DFF-A7F4-4B30-BB08-46FAD2005908}.Release|Any CPU.Build.0 = Release|Any CPU
	EndGlobalSection
	GlobalSection(SolutionProperties) = preSolution
		HideSolutionNode = FALSE
	EndGlobalSection
	GlobalSection(ExtensibilityGlobals) = postSolution
		SolutionGuid = {AE01E764-E473-49FF-8187-DC522AC6AB6E}
	EndGlobalSection
EndGlobal
