
Microsoft Visual Studio Solution File, Format Version 12.00
# Visual Studio Version 16
VisualStudioVersion = 16.0.29020.237
MinimumVisualStudioVersion = 10.0.40219.1
Project("{FAE04EC0-301F-11D3-BF4B-00C04F79EFBC}") = "PasswordHashing", "PasswordHashing.csproj", "{20211F3C-F270-4FD2-B821-980EC58F8FF0}"
EndProject
Global
	GlobalSection(SolutionConfigurationPlatforms) = preSolution
		Debug|Any CPU = Debug|Any CPU
		Release|Any CPU = Release|Any CPU
	EndGlobalSection
	GlobalSection(ProjectConfigurationPlatforms) = postSolution
		{20211F3C-F270-4FD2-B821-980EC58F8FF0}.Debug|Any CPU.ActiveCfg = Debug|Any CPU
		{20211F3C-F270-4FD2-B821-980EC58F8FF0}.Debug|Any CPU.Build.0 = Debug|Any CPU
		{20211F3C-F270-4FD2-B821-980EC58F8FF0}.Release|Any CPU.ActiveCfg = Release|Any CPU
		{20211F3C-F270-4FD2-B821-980EC58F8FF0}.Release|Any CPU.Build.0 = Release|Any CPU
	EndGlobalSection
	GlobalSection(SolutionProperties) = preSolution
		HideSolutionNode = FALSE
	EndGlobalSection
	GlobalSection(ExtensibilityGlobals) = postSolution
		SolutionGuid = {9AABE62D-46EA-4901-B037-7805147FAC14}
	EndGlobalSection
EndGlobal
